
Microsoft Visual Studio Solution File, Format Version 12.00
# Visual Studio Version 16
VisualStudioVersion = 16.0.31410.357
MinimumVisualStudioVersion = 10.0.40219.1
Project("{8BC9CEB8-8B4A-11D0-8D11-00A0C91BC942}") = "Nambers", "Pointers_1\Pointers_1.vcxproj", "{6BFBD69E-641B-4DE6-BD97-CEBC340EDDE2}"
EndProject
Project("{8BC9CEB8-8B4A-11D0-8D11-00A0C91BC942}") = "DynamicMemory", "DynamicMemory\DynamicMemory.vcxproj", "{3B3B5433-B551-451E-AB12-F6C1C23A59CE}"
EndProject
Global
	GlobalSection(SolutionConfigurationPlatforms) = preSolution
		Debug|x64 = Debug|x64
		Debug|x86 = Debug|x86
		Release|x64 = Release|x64
		Release|x86 = Release|x86
	EndGlobalSection
	GlobalSection(ProjectConfigurationPlatforms) = postSolution
		{6BFBD69E-641B-4DE6-BD97-CEBC340EDDE2}.Debug|x64.ActiveCfg = Debug|x64
		{6BFBD69E-641B-4DE6-BD97-CEBC340EDDE2}.Debug|x64.Build.0 = Debug|x64
		{6BFBD69E-641B-4DE6-BD97-CEBC340EDDE2}.Debug|x86.ActiveCfg = Debug|Win32
		{6BFBD69E-641B-4DE6-BD97-CEBC340EDDE2}.Debug|x86.Build.0 = Debug|Win32
		{6BFBD69E-641B-4DE6-BD97-CEBC340EDDE2}.Release|x64.ActiveCfg = Release|x64
		{6BFBD69E-641B-4DE6-BD97-CEBC340EDDE2}.Release|x64.Build.0 = Release|x64
		{6BFBD69E-641B-4DE6-BD97-CEBC340EDDE2}.Release|x86.ActiveCfg = Release|Win32
		{6BFBD69E-641B-4DE6-BD97-CEBC340EDDE2}.Release|x86.Build.0 = Release|Win32
		{3B3B5433-B551-451E-AB12-F6C1C23A59CE}.Debug|x64.ActiveCfg = Debug|x64
		{3B3B5433-B551-451E-AB12-F6C1C23A59CE}.Debug|x64.Build.0 = Debug|x64
		{3B3B5433-B551-451E-AB12-F6C1C23A59CE}.Debug|x86.ActiveCfg = Debug|Win32
		{3B3B5433-B551-451E-AB12-F6C1C23A59CE}.Debug|x86.Build.0 = Debug|Win32
		{3B3B5433-B551-451E-AB12-F6C1C23A59CE}.Release|x64.ActiveCfg = Release|x64
		{3B3B5433-B551-451E-AB12-F6C1C23A59CE}.Release|x64.Build.0 = Release|x64
		{3B3B5433-B551-451E-AB12-F6C1C23A59CE}.Release|x86.ActiveCfg = Release|Win32
		{3B3B5433-B551-451E-AB12-F6C1C23A59CE}.Release|x86.Build.0 = Release|Win32
	EndGlobalSection
	GlobalSection(SolutionProperties) = preSolution
		HideSolutionNode = FALSE
	EndGlobalSection
	GlobalSection(ExtensibilityGlobals) = postSolution
		SolutionGuid = {AAD4DFC3-D052-4AA5-8364-8EC64A62A218}
	EndGlobalSection
EndGlobal
